{
  "version": 4,
  "terraform_version": "1.1.9",
  "serial": 23,
  "lineage": "c79a46d4-6df2-7dc7-871b-a46d367390a6",
  "outputs": {},
  "resources": [
    {
      "module": "module.aws-prd",
      "mode": "managed",
      "type": "aws_autoscaling_group",
      "name": "grupo",
      "provider": "module.aws-prd.provider[\"registry.terraform.io/hashicorp/aws\"]",
      "instances": [
        {
          "schema_version": 0,
          "attributes": {
            "arn": "arn:aws:autoscaling:us-west-2:468457790385:autoScalingGroup:db60fb44-1c8c-4c45-8b7b-27de39d5095c:autoScalingGroupName/production",
            "availability_zones": [
              "us-west-2a",
              "us-west-2b"
            ],
            "capacity_rebalance": false,
            "default_cooldown": 300,
            "desired_capacity": 1,
            "enabled_metrics": null,
            "force_delete": false,
            "force_delete_warm_pool": false,
            "health_check_grace_period": 300,
            "health_check_type": "EC2",
            "id": "production",
            "initial_lifecycle_hook": [],
            "instance_refresh": [],
            "launch_configuration": "",
            "launch_template": [
              {
                "id": "lt-040434526d2ae5325",
                "name": "terraform-20220516014104419500000001",
                "version": "$Latest"
              }
            ],
            "load_balancers": null,
            "max_instance_lifetime": 0,
            "max_size": 10,
            "metrics_granularity": "1Minute",
            "min_elb_capacity": null,
            "min_size": 1,
            "mixed_instances_policy": [],
            "name": "production",
            "name_prefix": "",
            "placement_group": "",
            "protect_from_scale_in": false,
            "service_linked_role_arn": "arn:aws:iam::468457790385:role/aws-service-role/autoscaling.amazonaws.com/AWSServiceRoleForAutoScaling",
            "suspended_processes": null,
            "tag": [],
            "tags": null,
            "target_group_arns": [
              "arn:aws:elasticloadbalancing:us-west-2:468457790385:targetgroup/maquinasAlvo/b93e34a8162ebead"
            ],
            "termination_policies": null,
            "timeouts": null,
            "vpc_zone_identifier": [],
            "wait_for_capacity_timeout": "10m",
            "wait_for_elb_capacity": null,
            "warm_pool": []
          },
          "sensitive_attributes": [],
          "private": "eyJlMmJmYjczMC1lY2FhLTExZTYtOGY4OC0zNDM2M2JjN2M0YzAiOnsiZGVsZXRlIjo2MDAwMDAwMDAwMDB9fQ==",
          "dependencies": [
            "module.aws-prd.aws_default_vpc.default",
            "module.aws-prd.aws_launch_template.maquina",
            "module.aws-prd.aws_lb_target_group.alvoLoadBalancer"
          ]
        }
      ]
    },
    {
      "module": "module.aws-prd",
      "mode": "managed",
      "type": "aws_default_subnet",
      "name": "subnet_1",
      "provider": "module.aws-prd.provider[\"registry.terraform.io/hashicorp/aws\"]",
      "instances": [
        {
          "schema_version": 1,
          "attributes": {
            "arn": "arn:aws:ec2:us-west-2:468457790385:subnet/subnet-820337f4",
            "assign_ipv6_address_on_creation": false,
            "availability_zone": "us-west-2a",
            "availability_zone_id": "usw2-az2",
            "cidr_block": "172.31.32.0/20",
            "customer_owned_ipv4_pool": "",
            "enable_dns64": false,
            "enable_resource_name_dns_a_record_on_launch": false,
            "enable_resource_name_dns_aaaa_record_on_launch": false,
            "id": "subnet-820337f4",
            "ipv6_cidr_block": "",
            "ipv6_cidr_block_association_id": "",
            "ipv6_native": false,
            "map_customer_owned_ip_on_launch": false,
            "map_public_ip_on_launch": true,
            "outpost_arn": "",
            "owner_id": "468457790385",
            "private_dns_hostname_type_on_launch": "ip-name",
            "tags": null,
            "tags_all": {},
            "timeouts": null,
            "vpc_id": "vpc-c649bea1"
          },
          "sensitive_attributes": [],
          "private": "eyJlMmJmYjczMC1lY2FhLTExZTYtOGY4OC0zNDM2M2JjN2M0YzAiOnsiY3JlYXRlIjo2MDAwMDAwMDAwMDAsImRlbGV0ZSI6MTIwMDAwMDAwMDAwMH0sInNjaGVtYV92ZXJzaW9uIjoiMSJ9"
        }
      ]
    },
    {
      "module": "module.aws-prd",
      "mode": "managed",
      "type": "aws_default_subnet",
      "name": "subnet_2",
      "provider": "module.aws-prd.provider[\"registry.terraform.io/hashicorp/aws\"]",
      "instances": [
        {
          "schema_version": 1,
          "attributes": {
            "arn": "arn:aws:ec2:us-west-2:468457790385:subnet/subnet-2a1b094e",
            "assign_ipv6_address_on_creation": false,
            "availability_zone": "us-west-2b",
            "availability_zone_id": "usw2-az1",
            "cidr_block": "172.31.16.0/20",
            "customer_owned_ipv4_pool": "",
            "enable_dns64": false,
            "enable_resource_name_dns_a_record_on_launch": false,
            "enable_resource_name_dns_aaaa_record_on_launch": false,
            "id": "subnet-2a1b094e",
            "ipv6_cidr_block": "",
            "ipv6_cidr_block_association_id": "",
            "ipv6_native": false,
            "map_customer_owned_ip_on_launch": false,
            "map_public_ip_on_launch": true,
            "outpost_arn": "",
            "owner_id": "468457790385",
            "private_dns_hostname_type_on_launch": "ip-name",
            "tags": null,
            "tags_all": {},
            "timeouts": null,
            "vpc_id": "vpc-c649bea1"
          },
          "sensitive_attributes": [],
          "private": "eyJlMmJmYjczMC1lY2FhLTExZTYtOGY4OC0zNDM2M2JjN2M0YzAiOnsiY3JlYXRlIjo2MDAwMDAwMDAwMDAsImRlbGV0ZSI6MTIwMDAwMDAwMDAwMH0sInNjaGVtYV92ZXJzaW9uIjoiMSJ9"
        }
      ]
    },
    {
      "module": "module.aws-prd",
      "mode": "managed",
      "type": "aws_default_vpc",
      "name": "default",
      "provider": "module.aws-prd.provider[\"registry.terraform.io/hashicorp/aws\"]",
      "instances": [
        {
          "schema_version": 1,
          "attributes": {
            "arn": "arn:aws:ec2:us-west-2:468457790385:vpc/vpc-c649bea1",
            "assign_generated_ipv6_cidr_block": false,
            "cidr_block": "172.31.0.0/16",
            "default_network_acl_id": "acl-168a5871",
            "default_route_table_id": "rtb-c8a519af",
            "default_security_group_id": "sg-5e9ceb27",
            "dhcp_options_id": "dopt-3cc8b858",
            "enable_classiclink": false,
            "enable_classiclink_dns_support": false,
            "enable_dns_hostnames": true,
            "enable_dns_support": true,
            "id": "vpc-c649bea1",
            "instance_tenancy": "default",
            "ipv4_ipam_pool_id": null,
            "ipv4_netmask_length": null,
            "ipv6_association_id": "",
            "ipv6_cidr_block": "",
            "ipv6_cidr_block_network_border_group": "",
            "ipv6_ipam_pool_id": "",
            "ipv6_netmask_length": 0,
            "main_route_table_id": "rtb-c8a519af",
            "owner_id": "468457790385",
            "tags": null,
            "tags_all": {}
          },
          "sensitive_attributes": [],
          "private": "eyJzY2hlbWFfdmVyc2lvbiI6IjEifQ=="
        }
      ]
    },
    {
      "module": "module.aws-prd",
      "mode": "managed",
      "type": "aws_key_pair",
      "name": "chaveSSH",
      "provider": "module.aws-prd.provider[\"registry.terraform.io/hashicorp/aws\"]",
      "instances": [
        {
          "schema_version": 1,
          "attributes": {
            "arn": "arn:aws:ec2:us-west-2:468457790385:key-pair/prd-iac",
            "fingerprint": "43:d0:16:4a:8e:c9:b8:13:7d:27:1f:62:d4:aa:2a:62",
            "id": "prd-iac",
            "key_name": "prd-iac",
            "key_name_prefix": "",
            "key_pair_id": "key-0e2846ed1418cc070",
            "public_key": "ssh-rsa AAAAB3NzaC1yc2EAAAADAQABAAABgQCrfFxP0FKH9fZdXwbD4jTfwePdKKyDrNilYNV7EGPHV+8tSZKAjF5ZWN7HilewaaJ9Cige6WQo9G6lneSwlWZc6pVeDj66e2G+fah61+jRyPJZP1iO/f/NoxSWRcS2joAoy0/7VTbJxPT8/z7dMzGUDeyXY6aO8VPirE2anGvOzjSm5CN4Zscheq0+quL5dCT8iY7UTLZw4YRrTxV8H6/xovFiWaytaKclC+KU89ocHDiKpOEa/b3yAEfl/RI8scX/GMsv1lIlVlr2hBpk/ummCoeq7LpOODv1gTKSfX2O3OzS0/n2mSbF3cynQWcQiY38doMK+SVsXRRDqJ+8LG3/DJexuhdHLuqvUJEKBDwW+jD21F6EzMsgH+dV7nVAgYVYb/NvNNEHvNZgrRa2ELWMM0UrvxXUujISsDpNMF6SbSLfrGmqGQWPDNZsMIbElK1SgC6jlQHKWmp5Ex/KKp9B8ZHpY+gVFwjh0giJSj8Y2Iz7AWF5DPntXStVUQog0Kk= diogon@dev-linux",
            "tags": null,
            "tags_all": {}
          },
          "sensitive_attributes": [],
          "private": "eyJzY2hlbWFfdmVyc2lvbiI6IjEifQ=="
        }
      ]
    },
    {
      "module": "module.aws-prd",
      "mode": "managed",
      "type": "aws_launch_template",
      "name": "maquina",
      "provider": "module.aws-prd.provider[\"registry.terraform.io/hashicorp/aws\"]",
      "instances": [
        {
          "schema_version": 0,
          "attributes": {
            "arn": "arn:aws:ec2:us-west-2:468457790385:launch-template/lt-040434526d2ae5325",
            "block_device_mappings": [],
            "capacity_reservation_specification": [],
            "cpu_options": [],
            "credit_specification": [],
            "default_version": 1,
            "description": "",
            "disable_api_termination": false,
            "ebs_optimized": "",
            "elastic_gpu_specifications": [],
            "elastic_inference_accelerator": [],
            "enclave_options": [],
            "hibernation_options": [],
            "iam_instance_profile": [],
            "id": "lt-040434526d2ae5325",
            "image_id": "ami-0ee8244746ec5d6d4",
            "instance_initiated_shutdown_behavior": "",
            "instance_market_options": [],
            "instance_type": "t2.micro",
            "kernel_id": "",
            "key_name": "prd-iac",
            "latest_version": 1,
            "license_specification": [],
            "metadata_options": [],
            "monitoring": [],
            "name": "terraform-20220516014104419500000001",
            "name_prefix": "terraform-",
            "network_interfaces": [],
            "placement": [],
            "ram_disk_id": "",
            "security_group_names": [
              "production"
            ],
            "tag_specifications": [],
            "tags": {
              "Name": "production"
            },
            "tags_all": {
              "Name": "production"
            },
            "update_default_version": null,
            "user_data": "IyEvYmluL2Jhc2gKY2QgL2hvbWUvdWJ1bnR1CnN1ZG8gYXB0LXVwZGF0ZSAKc3VkbyBhcHQgaW5zdGFsbCBweXRob24zLXBpcCAteQpzdWRvIHB5dGhvbjMgLW0gcGlwIGluc3RhbGwgYW5zaWJsZQp0ZWUgLWEgcGxheWJvb2sueW1sID4gL2Rldi9udWxsIDw8IEVPVAotIGhvc3RzOiBsb2NhbGhvc3QKICB0YXNrczoKICAtIG5hbWU6IEluc3RhbGFuZG8gbyBweXRob24zLCB2aXJ0dWFsZW52CiAgICBhcHQ6IAogICAgICBwa2c6CiAgICAgIC0gcHl0aG9uMwogICAgICAtIHZpcnR1YWxlbnYKICAgICAgdXBkYXRlX2NhY2hlOiB5ZXMKICAgIGJlY29tZTogeWVzCiAgLSBuYW1lIDogQ2xvbmFuZG8gcmVwb3NpdG9yaW8KICAgIGFuc2libGUuYnVpbHRpbi5naXQ6CiAgICAgIHJlcG86IGh0dHBzOi8vZ2l0aHViLmNvbS9hbHVyYS1jdXJzb3MvY2xpZW50ZXMtbGVvLWFwaS5naXQKICAgICAgZGVzdDogL2hvbWUvdWJ1bnR1L3RjYwogICAgICB2ZXJzaW9uOiBtYXN0ZXIgCiAgICAgIGZvcmNlOiB5ZXMKICAtIG5hbWU6IEluc3RhbGFuZG8gZGVwZW5kZW5jaWFzIGNvbSBwaXAgKCBEamFuZ28gZSBEamFuZ29SZXN0KQogICAgcGlwOgogICAgICB2aXJ0dWFsZW52OiAvaG9tZS91YnVudHUvdGNjL3ZlbnYKICAgICAgcmVxdWlyZW1lbnRzOiAvaG9tZS91YnVudHUvdGNjL3JlcXVpcmVtZW50cy50eHQKICAtIG5hbWU6IHZlcmlmaWNhbmRvIHNlIG8gcHJvamV0byBqYSBmb2kgaW5pY2lhZG8KICAgIHN0YXQ6CiAgICAgIHBhdGg6IC9ob21lL3VidW50dS90Y2Mvc2V0dXAvc2V0dGluZ3MucHkKICAgIHJlZ2lzdGVyOiBwcm9qZXRvCiAgLSBuYW1lOiBJbmljaWFuZG8gbyBwcm9qZXRvCiAgICBzaGVsbDogJy4gL2hvbWUvdWJ1bnR1L3RjYy92ZW52L2Jpbi9hY3RpdmF0ZTsgZGphbmdvLWFkbWluIHN0YXJ0cHJvamVjdCBzZXR1cCAvaG9tZS91YnVudHUvdGNjLycKICAgIHdoZW46IG5vdCBwcm9qZXRvLnN0YXQuZXhpc3RzCiAgLSBuYW1lOiBBanVzdGFuZG8gbyBob3N0IGRvIHNldHRpbmdzLgogICAgbGluZWluZmlsZToKICAgICAgcGF0aDogL2hvbWUvdWJ1bnR1L3RjYy9zZXR1cC9zZXR0aW5ncy5weQogICAgICByZWdleHA6ICdBTExPV0VEX0hPU1RTJwogICAgICBsaW5lOiAnQUxMT1dFRF9IT1NUUyA9IFsiKiJdJwogICAgICBiYWNrcmVmczogeWVzCiAgLSBuYW1lOiBDb25maWd1cmFuZG8gbyBiYW5jbyBkZSBkYWRvcy4KICAgIHNoZWxsOiAnLiAvaG9tZS91YnVudHUvdGNjL3ZlbnYvYmluL2FjdGl2YXRlOyBweXRob24gL2hvbWUvdWJ1bnR1L3RjYy9tYW5hZ2UucHkgbWlncmF0ZScKICAtIG5hbWU6IENhcnJlZ2FuZG8gb3MgZGFkb3MgaW5pY2lhaXMgZG8gYmFuY28uCiAgICBzaGVsbDogJy4gL2hvbWUvdWJ1bnR1L3RjYy92ZW52L2Jpbi9hY3RpdmF0ZTsgcHl0aG9uIC9ob21lL3VidW50dS90Y2MvbWFuYWdlLnB5IGxvYWRkYXRhIGNsaWVudGVzLmpzb24nCiAgLSBuYW1lOiBJbmljaWFuZG8gbyBzZXJ2aWRvci4KICAgIHNoZWxsOiAnLiAvaG9tZS91YnVudHUvdGNjL3ZlbnYvYmluL2FjdGl2YXRlOyBub2h1cCBweXRob24gL2hvbWUvdWJ1bnR1L3RjYy9tYW5hZ2UucHkgcnVuc2VydmVyIDAuMC4wLjA6ODAwMCAmJwpFT1QKCmFuc2libGUtcGxheWJvb2sgcGxheWJvb2sueW1s",
            "vpc_security_group_ids": null
          },
          "sensitive_attributes": [],
          "private": "bnVsbA=="
        }
      ]
    },
    {
      "module": "module.aws-prd",
      "mode": "managed",
      "type": "aws_lb",
      "name": "loadBalancer",
      "provider": "module.aws-prd.provider[\"registry.terraform.io/hashicorp/aws\"]",
      "instances": [
        {
          "schema_version": 0,
          "attributes": {
            "access_logs": [
              {
                "bucket": "",
                "enabled": false,
                "prefix": ""
              }
            ],
            "arn": "arn:aws:elasticloadbalancing:us-west-2:468457790385:loadbalancer/app/tf-lb-20220516014106845900000003/51e2370dbaa255f0",
            "arn_suffix": "app/tf-lb-20220516014106845900000003/51e2370dbaa255f0",
            "customer_owned_ipv4_pool": "",
            "desync_mitigation_mode": "defensive",
            "dns_name": "tf-lb-20220516014106845900000003-1690197368.us-west-2.elb.amazonaws.com",
            "drop_invalid_header_fields": false,
            "enable_cross_zone_load_balancing": null,
            "enable_deletion_protection": false,
            "enable_http2": true,
            "enable_waf_fail_open": false,
            "id": "arn:aws:elasticloadbalancing:us-west-2:468457790385:loadbalancer/app/tf-lb-20220516014106845900000003/51e2370dbaa255f0",
            "idle_timeout": 60,
            "internal": false,
            "ip_address_type": "ipv4",
            "load_balancer_type": "application",
            "name": "tf-lb-20220516014106845900000003",
            "name_prefix": null,
            "security_groups": [
              "sg-5e9ceb27"
            ],
            "subnet_mapping": [
              {
                "allocation_id": "",
                "ipv6_address": "",
                "outpost_id": "",
                "private_ipv4_address": "",
                "subnet_id": "subnet-2a1b094e"
              },
              {
                "allocation_id": "",
                "ipv6_address": "",
                "outpost_id": "",
                "private_ipv4_address": "",
                "subnet_id": "subnet-820337f4"
              }
            ],
            "subnets": [
              "subnet-2a1b094e",
              "subnet-820337f4"
            ],
            "tags": null,
            "tags_all": {},
            "timeouts": null,
            "vpc_id": "vpc-c649bea1",
            "zone_id": "Z1H1FL5HABSF5"
          },
          "sensitive_attributes": [],
          "private": "eyJlMmJmYjczMC1lY2FhLTExZTYtOGY4OC0zNDM2M2JjN2M0YzAiOnsiY3JlYXRlIjo2MDAwMDAwMDAwMDAsImRlbGV0ZSI6NjAwMDAwMDAwMDAwLCJ1cGRhdGUiOjYwMDAwMDAwMDAwMH19",
          "dependencies": [
            "module.aws-prd.aws_default_subnet.subnet_1",
            "module.aws-prd.aws_default_subnet.subnet_2"
          ]
        }
      ]
    },
    {
      "module": "module.aws-prd",
      "mode": "managed",
      "type": "aws_lb_listener",
      "name": "entradaLoadBalancer",
      "provider": "module.aws-prd.provider[\"registry.terraform.io/hashicorp/aws\"]",
      "instances": [
        {
          "schema_version": 0,
          "attributes": {
            "alpn_policy": null,
            "arn": "arn:aws:elasticloadbalancing:us-west-2:468457790385:listener/app/tf-lb-20220516014106845900000003/51e2370dbaa255f0/03ddb1b4065dfa57",
            "certificate_arn": null,
            "default_action": [
              {
                "authenticate_cognito": [],
                "authenticate_oidc": [],
                "fixed_response": [],
                "forward": [],
                "order": 1,
                "redirect": [],
                "target_group_arn": "arn:aws:elasticloadbalancing:us-west-2:468457790385:targetgroup/maquinasAlvo/b93e34a8162ebead",
                "type": "forward"
              }
            ],
            "id": "arn:aws:elasticloadbalancing:us-west-2:468457790385:listener/app/tf-lb-20220516014106845900000003/51e2370dbaa255f0/03ddb1b4065dfa57",
            "load_balancer_arn": "arn:aws:elasticloadbalancing:us-west-2:468457790385:loadbalancer/app/tf-lb-20220516014106845900000003/51e2370dbaa255f0",
            "port": 8000,
            "protocol": "HTTP",
            "ssl_policy": "",
            "tags": null,
            "tags_all": {},
            "timeouts": null
          },
          "sensitive_attributes": [],
          "private": "eyJlMmJmYjczMC1lY2FhLTExZTYtOGY4OC0zNDM2M2JjN2M0YzAiOnsicmVhZCI6NjAwMDAwMDAwMDAwfX0=",
          "dependencies": [
            "module.aws-prd.aws_default_subnet.subnet_1",
            "module.aws-prd.aws_default_subnet.subnet_2",
            "module.aws-prd.aws_default_vpc.default",
            "module.aws-prd.aws_lb.loadBalancer",
            "module.aws-prd.aws_lb_target_group.alvoLoadBalancer"
          ]
        }
      ]
    },
    {
      "module": "module.aws-prd",
      "mode": "managed",
      "type": "aws_lb_target_group",
      "name": "alvoLoadBalancer",
      "provider": "module.aws-prd.provider[\"registry.terraform.io/hashicorp/aws\"]",
      "instances": [
        {
          "schema_version": 0,
          "attributes": {
            "arn": "arn:aws:elasticloadbalancing:us-west-2:468457790385:targetgroup/maquinasAlvo/b93e34a8162ebead",
            "arn_suffix": "targetgroup/maquinasAlvo/b93e34a8162ebead",
            "connection_termination": false,
            "deregistration_delay": "300",
            "health_check": [
              {
                "enabled": true,
                "healthy_threshold": 5,
                "interval": 30,
                "matcher": "200",
                "path": "/",
                "port": "traffic-port",
                "protocol": "HTTP",
                "timeout": 5,
                "unhealthy_threshold": 2
              }
            ],
            "id": "arn:aws:elasticloadbalancing:us-west-2:468457790385:targetgroup/maquinasAlvo/b93e34a8162ebead",
            "lambda_multi_value_headers_enabled": false,
            "load_balancing_algorithm_type": "round_robin",
            "name": "maquinasAlvo",
            "name_prefix": null,
            "port": 8000,
            "preserve_client_ip": null,
            "protocol": "HTTP",
            "protocol_version": "HTTP1",
            "proxy_protocol_v2": false,
            "slow_start": 0,
            "stickiness": [
              {
                "cookie_duration": 86400,
                "cookie_name": "",
                "enabled": false,
                "type": "lb_cookie"
              }
            ],
            "tags": null,
            "tags_all": {},
            "target_type": "instance",
            "vpc_id": "vpc-c649bea1"
          },
          "sensitive_attributes": [],
          "private": "bnVsbA==",
          "dependencies": [
            "module.aws-prd.aws_default_vpc.default"
          ]
        }
      ]
    },
    {
      "module": "module.aws-prd",
      "mode": "managed",
      "type": "aws_security_group",
      "name": "acesso_geral",
      "provider": "module.aws-prd.provider[\"registry.terraform.io/hashicorp/aws\"]",
      "instances": [
        {
          "schema_version": 1,
          "attributes": {
            "arn": "arn:aws:ec2:us-west-2:468457790385:security-group/sg-05f792e2e618cb6b7",
            "description": "Managed by Terraform",
            "egress": [
              {
                "cidr_blocks": [
                  "0.0.0.0/0"
                ],
                "description": "",
                "from_port": 0,
                "ipv6_cidr_blocks": [
                  "::/0"
                ],
                "prefix_list_ids": [],
                "protocol": "-1",
                "security_groups": [],
                "self": false,
                "to_port": 0
              }
            ],
            "id": "sg-05f792e2e618cb6b7",
            "ingress": [
              {
                "cidr_blocks": [
                  "0.0.0.0/0"
                ],
                "description": "",
                "from_port": 0,
                "ipv6_cidr_blocks": [
                  "::/0"
                ],
                "prefix_list_ids": [],
                "protocol": "-1",
                "security_groups": [],
                "self": false,
                "to_port": 0
              }
            ],
            "name": "production",
            "name_prefix": "",
            "owner_id": "468457790385",
            "revoke_rules_on_delete": false,
            "tags": {
              "Name": "acesso_geral"
            },
            "tags_all": {
              "Name": "acesso_geral"
            },
            "timeouts": null,
            "vpc_id": "vpc-c649bea1"
          },
          "sensitive_attributes": [],
          "private": "eyJlMmJmYjczMC1lY2FhLTExZTYtOGY4OC0zNDM2M2JjN2M0YzAiOnsiY3JlYXRlIjo2MDAwMDAwMDAwMDAsImRlbGV0ZSI6OTAwMDAwMDAwMDAwfSwic2NoZW1hX3ZlcnNpb24iOiIxIn0="
        }
      ]
    }
  ]
}
