{
  "version": 4,
  "terraform_version": "1.1.9",
  "serial": 7,
  "lineage": "c79a46d4-6df2-7dc7-871b-a46d367390a6",
  "outputs": {},
  "resources": [
    {
      "module": "module.aws-prd",
      "mode": "managed",
      "type": "aws_autoscaling_group",
      "name": "grupo",
      "provider": "module.aws-prd.provider[\"registry.terraform.io/hashicorp/aws\"]",
      "instances": [
        {
          "schema_version": 0,
          "attributes": {
            "arn": "arn:aws:autoscaling:us-west-2:468457790385:autoScalingGroup:1aa8817d-8a21-4b09-9b2c-732ac6bc64ad:autoScalingGroupName/production",
            "availability_zones": [
              "us-west-2a"
            ],
            "capacity_rebalance": false,
            "default_cooldown": 300,
            "desired_capacity": 1,
            "enabled_metrics": null,
            "force_delete": false,
            "force_delete_warm_pool": false,
            "health_check_grace_period": 300,
            "health_check_type": "EC2",
            "id": "production",
            "initial_lifecycle_hook": [],
            "instance_refresh": [],
            "launch_configuration": "",
            "launch_template": [
              {
                "id": "lt-06d6d0732810592fa",
                "name": "terraform-20220512014508414900000001",
                "version": "$Latest"
              }
            ],
            "load_balancers": null,
            "max_instance_lifetime": 0,
            "max_size": 10,
            "metrics_granularity": "1Minute",
            "min_elb_capacity": null,
            "min_size": 1,
            "mixed_instances_policy": [],
            "name": "production",
            "name_prefix": "",
            "placement_group": "",
            "protect_from_scale_in": false,
            "service_linked_role_arn": "arn:aws:iam::468457790385:role/aws-service-role/autoscaling.amazonaws.com/AWSServiceRoleForAutoScaling",
            "suspended_processes": null,
            "tag": [],
            "tags": null,
            "target_group_arns": null,
            "termination_policies": null,
            "timeouts": null,
            "vpc_zone_identifier": [],
            "wait_for_capacity_timeout": "10m",
            "wait_for_elb_capacity": null,
            "warm_pool": []
          },
          "sensitive_attributes": [],
          "private": "eyJlMmJmYjczMC1lY2FhLTExZTYtOGY4OC0zNDM2M2JjN2M0YzAiOnsiZGVsZXRlIjo2MDAwMDAwMDAwMDB9fQ==",
          "dependencies": [
            "module.aws-prd.aws_launch_template.maquina"
          ]
        }
      ]
    },
    {
      "module": "module.aws-prd",
      "mode": "managed",
      "type": "aws_key_pair",
      "name": "chaveSSH",
      "provider": "module.aws-prd.provider[\"registry.terraform.io/hashicorp/aws\"]",
      "instances": [
        {
          "schema_version": 1,
          "attributes": {
            "arn": "arn:aws:ec2:us-west-2:468457790385:key-pair/prd-iac",
            "fingerprint": "43:d0:16:4a:8e:c9:b8:13:7d:27:1f:62:d4:aa:2a:62",
            "id": "prd-iac",
            "key_name": "prd-iac",
            "key_name_prefix": "",
            "key_pair_id": "key-0629096a134275264",
            "public_key": "ssh-rsa AAAAB3NzaC1yc2EAAAADAQABAAABgQCrfFxP0FKH9fZdXwbD4jTfwePdKKyDrNilYNV7EGPHV+8tSZKAjF5ZWN7HilewaaJ9Cige6WQo9G6lneSwlWZc6pVeDj66e2G+fah61+jRyPJZP1iO/f/NoxSWRcS2joAoy0/7VTbJxPT8/z7dMzGUDeyXY6aO8VPirE2anGvOzjSm5CN4Zscheq0+quL5dCT8iY7UTLZw4YRrTxV8H6/xovFiWaytaKclC+KU89ocHDiKpOEa/b3yAEfl/RI8scX/GMsv1lIlVlr2hBpk/ummCoeq7LpOODv1gTKSfX2O3OzS0/n2mSbF3cynQWcQiY38doMK+SVsXRRDqJ+8LG3/DJexuhdHLuqvUJEKBDwW+jD21F6EzMsgH+dV7nVAgYVYb/NvNNEHvNZgrRa2ELWMM0UrvxXUujISsDpNMF6SbSLfrGmqGQWPDNZsMIbElK1SgC6jlQHKWmp5Ex/KKp9B8ZHpY+gVFwjh0giJSj8Y2Iz7AWF5DPntXStVUQog0Kk= diogon@dev-linux",
            "tags": {},
            "tags_all": {}
          },
          "sensitive_attributes": [],
          "private": "eyJzY2hlbWFfdmVyc2lvbiI6IjEifQ=="
        }
      ]
    },
    {
      "module": "module.aws-prd",
      "mode": "managed",
      "type": "aws_launch_template",
      "name": "maquina",
      "provider": "module.aws-prd.provider[\"registry.terraform.io/hashicorp/aws\"]",
      "instances": [
        {
          "schema_version": 0,
          "attributes": {
            "arn": "arn:aws:ec2:us-west-2:468457790385:launch-template/lt-06d6d0732810592fa",
            "block_device_mappings": [],
            "capacity_reservation_specification": [],
            "cpu_options": [],
            "credit_specification": [],
            "default_version": 1,
            "description": "",
            "disable_api_termination": false,
            "ebs_optimized": "",
            "elastic_gpu_specifications": [],
            "elastic_inference_accelerator": [],
            "enclave_options": [],
            "hibernation_options": [],
            "iam_instance_profile": [],
            "id": "lt-06d6d0732810592fa",
            "image_id": "ami-0ee8244746ec5d6d4",
            "instance_initiated_shutdown_behavior": "",
            "instance_market_options": [],
            "instance_type": "t2.micro",
            "kernel_id": "",
            "key_name": "prd-iac",
            "latest_version": 1,
            "license_specification": [],
            "metadata_options": [],
            "monitoring": [],
            "name": "terraform-20220512014508414900000001",
            "name_prefix": "terraform-",
            "network_interfaces": [],
            "placement": [],
            "ram_disk_id": "",
            "security_group_names": [
              "production"
            ],
            "tag_specifications": [],
            "tags": {
              "Name": "production"
            },
            "tags_all": {
              "Name": "production"
            },
            "update_default_version": null,
            "user_data": "",
            "vpc_security_group_ids": []
          },
          "sensitive_attributes": [],
          "private": "bnVsbA=="
        }
      ]
    },
    {
      "module": "module.aws-prd",
      "mode": "managed",
      "type": "aws_security_group",
      "name": "acesso_geral",
      "provider": "module.aws-prd.provider[\"registry.terraform.io/hashicorp/aws\"]",
      "instances": [
        {
          "schema_version": 1,
          "attributes": {
            "arn": "arn:aws:ec2:us-west-2:468457790385:security-group/sg-0f6adbce89ee8d6b5",
            "description": "Managed by Terraform",
            "egress": [
              {
                "cidr_blocks": [
                  "0.0.0.0/0"
                ],
                "description": "",
                "from_port": 0,
                "ipv6_cidr_blocks": [
                  "::/0"
                ],
                "prefix_list_ids": [],
                "protocol": "-1",
                "security_groups": [],
                "self": false,
                "to_port": 0
              }
            ],
            "id": "sg-0f6adbce89ee8d6b5",
            "ingress": [
              {
                "cidr_blocks": [
                  "0.0.0.0/0"
                ],
                "description": "",
                "from_port": 0,
                "ipv6_cidr_blocks": [
                  "::/0"
                ],
                "prefix_list_ids": [],
                "protocol": "-1",
                "security_groups": [],
                "self": false,
                "to_port": 0
              }
            ],
            "name": "production",
            "name_prefix": "",
            "owner_id": "468457790385",
            "revoke_rules_on_delete": false,
            "tags": {
              "Name": "acesso_geral"
            },
            "tags_all": {
              "Name": "acesso_geral"
            },
            "timeouts": null,
            "vpc_id": "vpc-c649bea1"
          },
          "sensitive_attributes": [],
          "private": "eyJlMmJmYjczMC1lY2FhLTExZTYtOGY4OC0zNDM2M2JjN2M0YzAiOnsiY3JlYXRlIjo2MDAwMDAwMDAwMDAsImRlbGV0ZSI6OTAwMDAwMDAwMDAwfSwic2NoZW1hX3ZlcnNpb24iOiIxIn0="
        }
      ]
    }
  ]
}
